{
  "name": "plugins",
  "lockfileVersion": 3,
  "requires": true,
  "packages": {
    "": {
      "dependencies": {
        "@sparkleideas/plugin-prime-radiant": "^0.1.5-patch.8"
      }
    },
    "node_modules/@sparkleideas/plugin-prime-radiant": {
      "version": "0.1.5-patch.8",
      "resolved": "http://localhost:4873/@sparkleideas/plugin-prime-radiant/-/plugin-prime-radiant-0.1.5-patch.8.tgz",
      "integrity": "sha512-VYjTYqQYz1kEK8hOceKS0Hh9rxhj4vXjpKEmWX3NB5wgU4OYwSmSy6/UMlnTUwnjEwfKoDt/onbckTZICuXZyw==",
      "license": "MIT",
      "dependencies": {
        "zod": "^3.22.0"
      },
      "engines": {
        "node": ">=20.0.0"
      },
      "optionalDependencies": {
        "prime-radiant-advanced-wasm": "^0.1.3"
      },
      "peerDependencies": {
        "@sparkleideas/coordination": ">=3.0.0",
        "@sparkleideas/memory": "3.0.0-alpha.12-patch.8",
        "@sparkleideas/security": "3.0.0-alpha.6-patch.8"
      },
      "peerDependenciesMeta": {
        "@sparkleideas/coordination": {
          "optional": true
        },
        "@sparkleideas/memory": {
          "optional": true
        },
        "@sparkleideas/security": {
          "optional": true
        }
      }
    },
    "node_modules/prime-radiant-advanced-wasm": {
      "version": "0.1.3",
      "resolved": "http://localhost:4873/prime-radiant-advanced-wasm/-/prime-radiant-advanced-wasm-0.1.3.tgz",
      "integrity": "sha512-Rlvl6XqBvlCDBk9bNT5ODzL2/b/BlH+VSKK1bwD6aBZA9ru+MA2aQotNZo5wHu9kWUTphFUAb/CwEm+jNUP7qg==",
      "license": "MIT OR Apache-2.0",
      "optional": true
    },
    "node_modules/zod": {
      "version": "3.25.76",
      "resolved": "http://localhost:4873/zod/-/zod-3.25.76.tgz",
      "integrity": "sha512-gzUt/qt81nXsFGKIFcC3YnfEAx5NkunCfnDlvuBSSFS02bcXu4Lmea0AFIUwbLWxWPx3d9p8S5QoaujKcNQxcQ==",
      "license": "MIT",
      "funding": {
        "url": "https://github.com/sponsors/colinhacks"
      }
    }
  }
}
